
Microsoft Visual Studio Solution File, Format Version 12.00
# Visual Studio Version 17
VisualStudioVersion = 17.8.34330.188
MinimumVisualStudioVersion = 10.0.40219.1
Project("{FAE04EC0-301F-11D3-BF4B-00C04F79EFBC}") = "Class.2", "Class.2\Class.2.csproj", "{82A61B0D-F1CF-47D2-850B-5329264591FD}"
EndProject
Global
	GlobalSection(SolutionConfigurationPlatforms) = preSolution
		Debug|Any CPU = Debug|Any CPU
		Release|Any CPU = Release|Any CPU
	EndGlobalSection
	GlobalSection(ProjectConfigurationPlatforms) = postSolution
		{82A61B0D-F1CF-47D2-850B-5329264591FD}.Debug|Any CPU.ActiveCfg = Debug|Any CPU
		{82A61B0D-F1CF-47D2-850B-5329264591FD}.Debug|Any CPU.Build.0 = Debug|Any CPU
		{82A61B0D-F1CF-47D2-850B-5329264591FD}.Release|Any CPU.ActiveCfg = Release|Any CPU
		{82A61B0D-F1CF-47D2-850B-5329264591FD}.Release|Any CPU.Build.0 = Release|Any CPU
	EndGlobalSection
	GlobalSection(SolutionProperties) = preSolution
		HideSolutionNode = FALSE
	EndGlobalSection
	GlobalSection(ExtensibilityGlobals) = postSolution
		SolutionGuid = {23294FF5-9C78-4829-8CA8-AD291E1BB4AC}
	EndGlobalSection
EndGlobal
